// !$*UTF8*$!
{
	archiveVersion = 1;
	classes = {
	};
	objectVersion = 46;
	objects = {

/* Begin PBXBuildFile section */
		4823C8A11DF8690E004D5323 /* LoadingCell.xib in Resources */ = {isa = PBXBuildFile; fileRef = 4823C8A01DF8690E004D5323 /* LoadingCell.xib */; };
		484CC79C1E003CA800A984CA /* GradientView.swift in Sources */ = {isa = PBXBuildFile; fileRef = 484CC79B1E003CA800A984CA /* GradientView.swift */; };
		488A31791DFF056A00E663A3 /* DetailViewController.swift in Sources */ = {isa = PBXBuildFile; fileRef = 488A31781DFF056A00E663A3 /* DetailViewController.swift */; };
		488A317B1DFF090700E663A3 /* DimmingPresentationController.swift in Sources */ = {isa = PBXBuildFile; fileRef = 488A317A1DFF090700E663A3 /* DimmingPresentationController.swift */; };
		488BC01A1E00455700CCE894 /* BounceAnimationController.swift in Sources */ = {isa = PBXBuildFile; fileRef = 488BC0191E00455700CCE894 /* BounceAnimationController.swift */; };
		488BC01C1E004E5300CCE894 /* SlideOutAnimationController.swift in Sources */ = {isa = PBXBuildFile; fileRef = 488BC01B1E004E5200CCE894 /* SlideOutAnimationController.swift */; };
		488DBCA11DF59C3400F6239D /* AppDelegate.swift in Sources */ = {isa = PBXBuildFile; fileRef = 488DBCA01DF59C3400F6239D /* AppDelegate.swift */; };
		488DBCA31DF59C3400F6239D /* SearchViewController.swift in Sources */ = {isa = PBXBuildFile; fileRef = 488DBCA21DF59C3400F6239D /* SearchViewController.swift */; };
		488DBCA61DF59C3400F6239D /* Main.storyboard in Resources */ = {isa = PBXBuildFile; fileRef = 488DBCA41DF59C3400F6239D /* Main.storyboard */; };
		488DBCA81DF59C3400F6239D /* Assets.xcassets in Resources */ = {isa = PBXBuildFile; fileRef = 488DBCA71DF59C3400F6239D /* Assets.xcassets */; };
		48A1288B1DFEFBA800C28EA4 /* UIImageView+DownloadedImage.swift in Sources */ = {isa = PBXBuildFile; fileRef = 48A1288A1DFEFBA800C28EA4 /* UIImageView+DownloadedImage.swift */; };
		48BF40E11DF5A6A1007B596F /* SearchResult.swift in Sources */ = {isa = PBXBuildFile; fileRef = 48BF40E01DF5A6A1007B596F /* SearchResult.swift */; };
		48BF40E31DF5AEB8007B596F /* SearchResultCell.xib in Resources */ = {isa = PBXBuildFile; fileRef = 48BF40E21DF5AEB8007B596F /* SearchResultCell.xib */; };
		48BF40E51DF5B251007B596F /* SearchResultCell.swift in Sources */ = {isa = PBXBuildFile; fileRef = 48BF40E41DF5B251007B596F /* SearchResultCell.swift */; };
		48BF40E71DF5B5AD007B596F /* NothingFoundCell.xib in Resources */ = {isa = PBXBuildFile; fileRef = 48BF40E61DF5B5AD007B596F /* NothingFoundCell.xib */; };
/* End PBXBuildFile section */

/* Begin PBXFileReference section */
		4823C8A01DF8690E004D5323 /* LoadingCell.xib */ = {isa = PBXFileReference; fileEncoding = 4; lastKnownFileType = file.xib; path = LoadingCell.xib; sourceTree = "<group>"; };
		484CC79B1E003CA800A984CA /* GradientView.swift */ = {isa = PBXFileReference; fileEncoding = 4; lastKnownFileType = sourcecode.swift; path = GradientView.swift; sourceTree = "<group>"; };
		488A31781DFF056A00E663A3 /* DetailViewController.swift */ = {isa = PBXFileReference; fileEncoding = 4; lastKnownFileType = sourcecode.swift; path = DetailViewController.swift; sourceTree = "<group>"; };
		488A317A1DFF090700E663A3 /* DimmingPresentationController.swift */ = {isa = PBXFileReference; fileEncoding = 4; lastKnownFileType = sourcecode.swift; path = DimmingPresentationController.swift; sourceTree = "<group>"; };
		488BC0191E00455700CCE894 /* BounceAnimationController.swift */ = {isa = PBXFileReference; fileEncoding = 4; lastKnownFileType = sourcecode.swift; path = BounceAnimationController.swift; sourceTree = "<group>"; };
		488BC01B1E004E5200CCE894 /* SlideOutAnimationController.swift */ = {isa = PBXFileReference; fileEncoding = 4; lastKnownFileType = sourcecode.swift; path = SlideOutAnimationController.swift; sourceTree = "<group>"; };
		488DBC9D1DF59C3400F6239D /* StoreSearch.app */ = {isa = PBXFileReference; explicitFileType = wrapper.application; includeInIndex = 0; path = StoreSearch.app; sourceTree = BUILT_PRODUCTS_DIR; };
		488DBCA01DF59C3400F6239D /* AppDelegate.swift */ = {isa = PBXFileReference; lastKnownFileType = sourcecode.swift; path = AppDelegate.swift; sourceTree = "<group>"; };
		488DBCA21DF59C3400F6239D /* SearchViewController.swift */ = {isa = PBXFileReference; lastKnownFileType = sourcecode.swift; path = SearchViewController.swift; sourceTree = "<group>"; };
		488DBCA51DF59C3400F6239D /* Base */ = {isa = PBXFileReference; lastKnownFileType = file.storyboard; name = Base; path = Base.lproj/Main.storyboard; sourceTree = "<group>"; };
		488DBCA71DF59C3400F6239D /* Assets.xcassets */ = {isa = PBXFileReference; lastKnownFileType = folder.assetcatalog; path = Assets.xcassets; sourceTree = "<group>"; };
		488DBCAC1DF59C3400F6239D /* Info.plist */ = {isa = PBXFileReference; lastKnownFileType = text.plist.xml; path = Info.plist; sourceTree = "<group>"; };
		48A1288A1DFEFBA800C28EA4 /* UIImageView+DownloadedImage.swift */ = {isa = PBXFileReference; fileEncoding = 4; lastKnownFileType = sourcecode.swift; path = "UIImageView+DownloadedImage.swift"; sourceTree = "<group>"; };
		48BF40E01DF5A6A1007B596F /* SearchResult.swift */ = {isa = PBXFileReference; fileEncoding = 4; lastKnownFileType = sourcecode.swift; path = SearchResult.swift; sourceTree = "<group>"; };
		48BF40E21DF5AEB8007B596F /* SearchResultCell.xib */ = {isa = PBXFileReference; fileEncoding = 4; lastKnownFileType = file.xib; path = SearchResultCell.xib; sourceTree = "<group>"; };
		48BF40E41DF5B251007B596F /* SearchResultCell.swift */ = {isa = PBXFileReference; fileEncoding = 4; lastKnownFileType = sourcecode.swift; path = SearchResultCell.swift; sourceTree = "<group>"; };
		48BF40E61DF5B5AD007B596F /* NothingFoundCell.xib */ = {isa = PBXFileReference; fileEncoding = 4; lastKnownFileType = file.xib; path = NothingFoundCell.xib; sourceTree = "<group>"; };
/* End PBXFileReference section */

/* Begin PBXFrameworksBuildPhase section */
		488DBC9A1DF59C3400F6239D /* Frameworks */ = {
			isa = PBXFrameworksBuildPhase;
			buildActionMask = 2147483647;
			files = (
			);
			runOnlyForDeploymentPostprocessing = 0;
		};
/* End PBXFrameworksBuildPhase section */

/* Begin PBXGroup section */
		488DBC941DF59C3400F6239D = {
			isa = PBXGroup;
			children = (
				488DBC9F1DF59C3400F6239D /* StoreSearch */,
				488DBC9E1DF59C3400F6239D /* Products */,
			);
			sourceTree = "<group>";
		};
		488DBC9E1DF59C3400F6239D /* Products */ = {
			isa = PBXGroup;
			children = (
				488DBC9D1DF59C3400F6239D /* StoreSearch.app */,
			);
			name = Products;
			sourceTree = "<group>";
		};
		488DBC9F1DF59C3400F6239D /* StoreSearch */ = {
			isa = PBXGroup;
			children = (
				488DBCA01DF59C3400F6239D /* AppDelegate.swift */,
				488DBCA21DF59C3400F6239D /* SearchViewController.swift */,
				488DBCA41DF59C3400F6239D /* Main.storyboard */,
				488DBCA71DF59C3400F6239D /* Assets.xcassets */,
				488DBCAC1DF59C3400F6239D /* Info.plist */,
				48BF40E01DF5A6A1007B596F /* SearchResult.swift */,
				48BF40E21DF5AEB8007B596F /* SearchResultCell.xib */,
				48BF40E41DF5B251007B596F /* SearchResultCell.swift */,
				48BF40E61DF5B5AD007B596F /* NothingFoundCell.xib */,
				4823C8A01DF8690E004D5323 /* LoadingCell.xib */,
				48A1288A1DFEFBA800C28EA4 /* UIImageView+DownloadedImage.swift */,
				488A31781DFF056A00E663A3 /* DetailViewController.swift */,
				488A317A1DFF090700E663A3 /* DimmingPresentationController.swift */,
				484CC79B1E003CA800A984CA /* GradientView.swift */,
				488BC0191E00455700CCE894 /* BounceAnimationController.swift */,
				488BC01B1E004E5200CCE894 /* SlideOutAnimationController.swift */,
			);
			path = StoreSearch;
			sourceTree = "<group>";
		};
/* End PBXGroup section */

/* Begin PBXNativeTarget section */
		488DBC9C1DF59C3400F6239D /* StoreSearch */ = {
			isa = PBXNativeTarget;
			buildConfigurationList = 488DBCAF1DF59C3400F6239D /* Build configuration list for PBXNativeTarget "StoreSearch" */;
			buildPhases = (
				488DBC991DF59C3400F6239D /* Sources */,
				488DBC9A1DF59C3400F6239D /* Frameworks */,
				488DBC9B1DF59C3400F6239D /* Resources */,
			);
			buildRules = (
			);
			dependencies = (
			);
			name = StoreSearch;
			productName = StoreSearch;
			productReference = 488DBC9D1DF59C3400F6239D /* StoreSearch.app */;
			productType = "com.apple.product-type.application";
		};
/* End PBXNativeTarget section */

/* Begin PBXProject section */
		488DBC951DF59C3400F6239D /* Project object */ = {
			isa = PBXProject;
			attributes = {
				LastSwiftUpdateCheck = 0800;
				LastUpgradeCheck = 0800;
				ORGANIZATIONNAME = Vaca;
				TargetAttributes = {
					488DBC9C1DF59C3400F6239D = {
						CreatedOnToolsVersion = 8.0;
						ProvisioningStyle = Automatic;
					};
				};
			};
			buildConfigurationList = 488DBC981DF59C3400F6239D /* Build configuration list for PBXProject "StoreSearch" */;
			compatibilityVersion = "Xcode 3.2";
			developmentRegion = English;
			hasScannedForEncodings = 0;
			knownRegions = (
				en,
				Base,
			);
			mainGroup = 488DBC941DF59C3400F6239D;
			productRefGroup = 488DBC9E1DF59C3400F6239D /* Products */;
			projectDirPath = "";
			projectRoot = "";
			targets = (
				488DBC9C1DF59C3400F6239D /* StoreSearch */,
			);
		};
/* End PBXProject section */

/* Begin PBXResourcesBuildPhase section */
		488DBC9B1DF59C3400F6239D /* Resources */ = {
			isa = PBXResourcesBuildPhase;
			buildActionMask = 2147483647;
			files = (
				488DBCA81DF59C3400F6239D /* Assets.xcassets in Resources */,
				4823C8A11DF8690E004D5323 /* LoadingCell.xib in Resources */,
				48BF40E31DF5AEB8007B596F /* SearchResultCell.xib in Resources */,
				48BF40E71DF5B5AD007B596F /* NothingFoundCell.xib in Resources */,
				488DBCA61DF59C3400F6239D /* Main.storyboard in Resources */,
			);
			runOnlyForDeploymentPostprocessing = 0;
		};
/* End PBXResourcesBuildPhase section */

/* Begin PBXSourcesBuildPhase section */
		488DBC991DF59C3400F6239D /* Sources */ = {
			isa = PBXSourcesBuildPhase;
			buildActionMask = 2147483647;
			files = (
				488DBCA31DF59C3400F6239D /* SearchViewController.swift in Sources */,
				488A317B1DFF090700E663A3 /* DimmingPresentationController.swift in Sources */,
				48A1288B1DFEFBA800C28EA4 /* UIImageView+DownloadedImage.swift in Sources */,
				48BF40E11DF5A6A1007B596F /* SearchResult.swift in Sources */,
				488BC01A1E00455700CCE894 /* BounceAnimationController.swift in Sources */,
				488A31791DFF056A00E663A3 /* DetailViewController.swift in Sources */,
				48BF40E51DF5B251007B596F /* SearchResultCell.swift in Sources */,
				484CC79C1E003CA800A984CA /* GradientView.swift in Sources */,
				488DBCA11DF59C3400F6239D /* AppDelegate.swift in Sources */,
				488BC01C1E004E5300CCE894 /* SlideOutAnimationController.swift in Sources */,
			);
			runOnlyForDeploymentPostprocessing = 0;
		};
/* End PBXSourcesBuildPhase section */

/* Begin PBXVariantGroup section */
		488DBCA41DF59C3400F6239D /* Main.storyboard */ = {
			isa = PBXVariantGroup;
			children = (
				488DBCA51DF59C3400F6239D /* Base */,
			);
			name = Main.storyboard;
			sourceTree = "<group>";
		};
/* End PBXVariantGroup section */

/* Begin XCBuildConfiguration section */
		488DBCAD1DF59C3400F6239D /* Debug */ = {
			isa = XCBuildConfiguration;
			buildSettings = {
				ALWAYS_SEARCH_USER_PATHS = NO;
				CLANG_ANALYZER_NONNULL = YES;
				CLANG_CXX_LANGUAGE_STANDARD = "gnu++0x";
				CLANG_CXX_LIBRARY = "libc++";
				CLANG_ENABLE_MODULES = YES;
				CLANG_ENABLE_OBJC_ARC = YES;
				CLANG_WARN_BOOL_CONVERSION = YES;
				CLANG_WARN_CONSTANT_CONVERSION = YES;
				CLANG_WARN_DIRECT_OBJC_ISA_USAGE = YES_ERROR;
				CLANG_WARN_DOCUMENTATION_COMMENTS = YES;
				CLANG_WARN_EMPTY_BODY = YES;
				CLANG_WARN_ENUM_CONVERSION = YES;
				CLANG_WARN_INFINITE_RECURSION = YES;
				CLANG_WARN_INT_CONVERSION = YES;
				CLANG_WARN_OBJC_ROOT_CLASS = YES_ERROR;
				CLANG_WARN_SUSPICIOUS_MOVES = YES;
				CLANG_WARN_UNREACHABLE_CODE = YES;
				CLANG_WARN__DUPLICATE_METHOD_MATCH = YES;
				"CODE_SIGN_IDENTITY[sdk=iphoneos*]" = "iPhone Developer";
				COPY_PHASE_STRIP = NO;
				DEBUG_INFORMATION_FORMAT = dwarf;
				ENABLE_STRICT_OBJC_MSGSEND = YES;
				ENABLE_TESTABILITY = YES;
				GCC_C_LANGUAGE_STANDARD = gnu99;
				GCC_DYNAMIC_NO_PIC = NO;
				GCC_NO_COMMON_BLOCKS = YES;
				GCC_OPTIMIZATION_LEVEL = 0;
				GCC_PREPROCESSOR_DEFINITIONS = (
					"DEBUG=1",
					"$(inherited)",
				);
				GCC_WARN_64_TO_32_BIT_CONVERSION = YES;
				GCC_WARN_ABOUT_RETURN_TYPE = YES_ERROR;
				GCC_WARN_UNDECLARED_SELECTOR = YES;
				GCC_WARN_UNINITIALIZED_AUTOS = YES_AGGRESSIVE;
				GCC_WARN_UNUSED_FUNCTION = YES;
				GCC_WARN_UNUSED_VARIABLE = YES;
				IPHONEOS_DEPLOYMENT_TARGET = 10.0;
				MTL_ENABLE_DEBUG_INFO = YES;
				ONLY_ACTIVE_ARCH = YES;
				SDKROOT = iphoneos;
				SWIFT_ACTIVE_COMPILATION_CONDITIONS = DEBUG;
				SWIFT_OPTIMIZATION_LEVEL = "-Onone";
			};
			name = Debug;
		};
		488DBCAE1DF59C3400F6239D /* Release */ = {
			isa = XCBuildConfiguration;
			buildSettings = {
				ALWAYS_SEARCH_USER_PATHS = NO;
				CLANG_ANALYZER_NONNULL = YES;
				CLANG_CXX_LANGUAGE_STANDARD = "gnu++0x";
				CLANG_CXX_LIBRARY = "libc++";
				CLANG_ENABLE_MODULES = YES;
				CLANG_ENABLE_OBJC_ARC = YES;
				CLANG_WARN_BOOL_CONVERSION = YES;
				CLANG_WARN_CONSTANT_CONVERSION = YES;
				CLANG_WARN_DIRECT_OBJC_ISA_USAGE = YES_ERROR;
				CLANG_WARN_DOCUMENTATION_COMMENTS = YES;
				CLANG_WARN_EMPTY_BODY = YES;
				CLANG_WARN_ENUM_CONVERSION = YES;
				CLANG_WARN_INFINITE_RECURSION = YES;
				CLANG_WARN_INT_CONVERSION = YES;
				CLANG_WARN_OBJC_ROOT_CLASS = YES_ERROR;
				CLANG_WARN_SUSPICIOUS_MOVES = YES;
				CLANG_WARN_UNREACHABLE_CODE = YES;
				CLANG_WARN__DUPLICATE_METHOD_MATCH = YES;
				"CODE_SIGN_IDENTITY[sdk=iphoneos*]" = "iPhone Developer";
				COPY_PHASE_STRIP = NO;
				DEBUG_INFORMATION_FORMAT = "dwarf-with-dsym";
				ENABLE_NS_ASSERTIONS = NO;
				ENABLE_STRICT_OBJC_MSGSEND = YES;
				GCC_C_LANGUAGE_STANDARD = gnu99;
				GCC_NO_COMMON_BLOCKS = YES;
				GCC_WARN_64_TO_32_BIT_CONVERSION = YES;
				GCC_WARN_ABOUT_RETURN_TYPE = YES_ERROR;
				GCC_WARN_UNDECLARED_SELECTOR = YES;
				GCC_WARN_UNINITIALIZED_AUTOS = YES_AGGRESSIVE;
				GCC_WARN_UNUSED_FUNCTION = YES;
				GCC_WARN_UNUSED_VARIABLE = YES;
				IPHONEOS_DEPLOYMENT_TARGET = 10.0;
				MTL_ENABLE_DEBUG_INFO = NO;
				SDKROOT = iphoneos;
				SWIFT_OPTIMIZATION_LEVEL = "-Owholemodule";
				VALIDATE_PRODUCT = YES;
			};
			name = Release;
		};
		488DBCB01DF59C3400F6239D /* Debug */ = {
			isa = XCBuildConfiguration;
			buildSettings = {
				ASSETCATALOG_COMPILER_APPICON_NAME = AppIcon;
				INFOPLIST_FILE = StoreSearch/Info.plist;
				LD_RUNPATH_SEARCH_PATHS = "$(inherited) @executable_path/Frameworks";
				PRODUCT_BUNDLE_IDENTIFIER = com.vaca.StoreSearch;
				PRODUCT_NAME = "$(TARGET_NAME)";
				SWIFT_VERSION = 3.0;
			};
			name = Debug;
		};
		488DBCB11DF59C3400F6239D /* Release */ = {
			isa = XCBuildConfiguration;
			buildSettings = {
				ASSETCATALOG_COMPILER_APPICON_NAME = AppIcon;
				INFOPLIST_FILE = StoreSearch/Info.plist;
				LD_RUNPATH_SEARCH_PATHS = "$(inherited) @executable_path/Frameworks";
				PRODUCT_BUNDLE_IDENTIFIER = com.vaca.StoreSearch;
				PRODUCT_NAME = "$(TARGET_NAME)";
				SWIFT_VERSION = 3.0;
			};
			name = Release;
		};
/* End XCBuildConfiguration section */

/* Begin XCConfigurationList section */
		488DBC981DF59C3400F6239D /* Build configuration list for PBXProject "StoreSearch" */ = {
			isa = XCConfigurationList;
			buildConfigurations = (
				488DBCAD1DF59C3400F6239D /* Debug */,
				488DBCAE1DF59C3400F6239D /* Release */,
			);
			defaultConfigurationIsVisible = 0;
			defaultConfigurationName = Release;
		};
		488DBCAF1DF59C3400F6239D /* Build configuration list for PBXNativeTarget "StoreSearch" */ = {
			isa = XCConfigurationList;
			buildConfigurations = (
				488DBCB01DF59C3400F6239D /* Debug */,
				488DBCB11DF59C3400F6239D /* Release */,
			);
			defaultConfigurationIsVisible = 0;
			defaultConfigurationName = Release;
		};
/* End XCConfigurationList section */
	};
	rootObject = 488DBC951DF59C3400F6239D /* Project object */;
}
